
Microsoft Visual Studio Solution File, Format Version 12.00
# Visual Studio Version 17
VisualStudioVersion = 17.9.34607.119
MinimumVisualStudioVersion = 10.0.40219.1
Project("{9A19103F-16F7-4668-BE54-9A1E7A4F7556}") = "TuinCentrumBL", "TuinCentrumBL\TuinCentrumBL.csproj", "{FACB89FF-DE04-4F31-A500-61984A1E5499}"
EndProject
Project("{9A19103F-16F7-4668-BE54-9A1E7A4F7556}") = "TuinCentrumDL_File", "TuinCentrumDL_File\TuinCentrumDL_File.csproj", "{F1F0AFEF-A7E7-4D99-9B3C-A668FE919C2A}"
EndProject
Project("{9A19103F-16F7-4668-BE54-9A1E7A4F7556}") = "TuinCentrumDL_SQL", "TuinCentrumDL_SQL\TuinCentrumDL_SQL.csproj", "{050B8C81-50C7-4042-AC3C-B10FA06EC764}"
EndProject
Project("{9A19103F-16F7-4668-BE54-9A1E7A4F7556}") = "TuinCentrumUI", "TuinCentrumDataUpload\TuinCentrumUI.csproj", "{69DE78C7-054B-46D0-8097-AD9777FF1E74}"
EndProject
Project("{FAE04EC0-301F-11D3-BF4B-00C04F79EFBC}") = "TuinCentrumUnitTesten", "TuinCentrumUnitTesten\TuinCentrumUnitTesten.csproj", "{65F93278-1B14-47BE-B151-FB7401963D7A}"
EndProject
Global
	GlobalSection(SolutionConfigurationPlatforms) = preSolution
		Debug|Any CPU = Debug|Any CPU
		Release|Any CPU = Release|Any CPU
	EndGlobalSection
	GlobalSection(ProjectConfigurationPlatforms) = postSolution
		{FACB89FF-DE04-4F31-A500-61984A1E5499}.Debug|Any CPU.ActiveCfg = Debug|Any CPU
		{FACB89FF-DE04-4F31-A500-61984A1E5499}.Debug|Any CPU.Build.0 = Debug|Any CPU
		{FACB89FF-DE04-4F31-A500-61984A1E5499}.Release|Any CPU.ActiveCfg = Release|Any CPU
		{FACB89FF-DE04-4F31-A500-61984A1E5499}.Release|Any CPU.Build.0 = Release|Any CPU
		{F1F0AFEF-A7E7-4D99-9B3C-A668FE919C2A}.Debug|Any CPU.ActiveCfg = Debug|Any CPU
		{F1F0AFEF-A7E7-4D99-9B3C-A668FE919C2A}.Debug|Any CPU.Build.0 = Debug|Any CPU
		{F1F0AFEF-A7E7-4D99-9B3C-A668FE919C2A}.Release|Any CPU.ActiveCfg = Release|Any CPU
		{F1F0AFEF-A7E7-4D99-9B3C-A668FE919C2A}.Release|Any CPU.Build.0 = Release|Any CPU
		{050B8C81-50C7-4042-AC3C-B10FA06EC764}.Debug|Any CPU.ActiveCfg = Debug|Any CPU
		{050B8C81-50C7-4042-AC3C-B10FA06EC764}.Debug|Any CPU.Build.0 = Debug|Any CPU
		{050B8C81-50C7-4042-AC3C-B10FA06EC764}.Release|Any CPU.ActiveCfg = Release|Any CPU
		{050B8C81-50C7-4042-AC3C-B10FA06EC764}.Release|Any CPU.Build.0 = Release|Any CPU
		{69DE78C7-054B-46D0-8097-AD9777FF1E74}.Debug|Any CPU.ActiveCfg = Debug|Any CPU
		{69DE78C7-054B-46D0-8097-AD9777FF1E74}.Debug|Any CPU.Build.0 = Debug|Any CPU
		{69DE78C7-054B-46D0-8097-AD9777FF1E74}.Release|Any CPU.ActiveCfg = Release|Any CPU
		{69DE78C7-054B-46D0-8097-AD9777FF1E74}.Release|Any CPU.Build.0 = Release|Any CPU
		{65F93278-1B14-47BE-B151-FB7401963D7A}.Debug|Any CPU.ActiveCfg = Debug|Any CPU
		{65F93278-1B14-47BE-B151-FB7401963D7A}.Debug|Any CPU.Build.0 = Debug|Any CPU
		{65F93278-1B14-47BE-B151-FB7401963D7A}.Release|Any CPU.ActiveCfg = Release|Any CPU
		{65F93278-1B14-47BE-B151-FB7401963D7A}.Release|Any CPU.Build.0 = Release|Any CPU
	EndGlobalSection
	GlobalSection(SolutionProperties) = preSolution
		HideSolutionNode = FALSE
	EndGlobalSection
	GlobalSection(ExtensibilityGlobals) = postSolution
		SolutionGuid = {FA699156-5DF4-4F9B-AF03-491CEEBD6FB3}
	EndGlobalSection
EndGlobal
